
Microsoft Visual Studio Solution File, Format Version 12.00
# Visual Studio Version 16
VisualStudioVersion = 16.0.28407.52
MinimumVisualStudioVersion = 10.0.40219.1
Project("{9A19103F-16F7-4668-BE54-9A1E7A4F7556}") = "DotacionWEBCore", "DotacionWEBCore\DotacionWEBCore.csproj", "{8B50CA17-EC44-467C-8367-03CB7659E952}"
EndProject
Global
	GlobalSection(SolutionConfigurationPlatforms) = preSolution
		Debug|Any CPU = Debug|Any CPU
		Release|Any CPU = Release|Any CPU
	EndGlobalSection
	GlobalSection(ProjectConfigurationPlatforms) = postSolution
		{8B50CA17-EC44-467C-8367-03CB7659E952}.Debug|Any CPU.ActiveCfg = Release|Any CPU
		{8B50CA17-EC44-467C-8367-03CB7659E952}.Debug|Any CPU.Build.0 = Release|Any CPU
		{8B50CA17-EC44-467C-8367-03CB7659E952}.Release|Any CPU.ActiveCfg = Release|Any CPU
		{8B50CA17-EC44-467C-8367-03CB7659E952}.Release|Any CPU.Build.0 = Release|Any CPU
	EndGlobalSection
	GlobalSection(SolutionProperties) = preSolution
		HideSolutionNode = FALSE
	EndGlobalSection
	GlobalSection(ExtensibilityGlobals) = postSolution
		SolutionGuid = {47A737AC-D9C5-43E9-9E7D-1EBA10C87D57}
	EndGlobalSection
EndGlobal
